
Microsoft Visual Studio Solution File, Format Version 12.00
# Visual Studio 15
VisualStudioVersion = 15.0.28010.2041
MinimumVisualStudioVersion = 10.0.40219.1
Project("{FAE04EC0-301F-11D3-BF4B-00C04F79EFBC}") = "TodoApi", "TodoApi\TodoApi.csproj", "{A6B37491-DA89-4C1C-957A-E9F93083D2FE}"
EndProject
Global
	GlobalSection(SolutionConfigurationPlatforms) = preSolution
		Debug|Any CPU = Debug|Any CPU
		Release|Any CPU = Release|Any CPU
	EndGlobalSection
	GlobalSection(ProjectConfigurationPlatforms) = postSolution
		{A6B37491-DA89-4C1C-957A-E9F93083D2FE}.Debug|Any CPU.ActiveCfg = Debug|Any CPU
		{A6B37491-DA89-4C1C-957A-E9F93083D2FE}.Debug|Any CPU.Build.0 = Debug|Any CPU
		{A6B37491-DA89-4C1C-957A-E9F93083D2FE}.Release|Any CPU.ActiveCfg = Release|Any CPU
		{A6B37491-DA89-4C1C-957A-E9F93083D2FE}.Release|Any CPU.Build.0 = Release|Any CPU
	EndGlobalSection
	GlobalSection(SolutionProperties) = preSolution
		HideSolutionNode = FALSE
	EndGlobalSection
	GlobalSection(ExtensibilityGlobals) = postSolution
		SolutionGuid = {FFC9E833-379E-49B4-A85D-5C037F1AE72D}
	EndGlobalSection
EndGlobal
